
Microsoft Visual Studio Solution File, Format Version 12.00
# Visual Studio 15
VisualStudioVersion = 15.0.28010.2050
MinimumVisualStudioVersion = 10.0.40219.1
Project("{9A19103F-16F7-4668-BE54-9A1E7A4F7556}") = "IdeconCashFlow.Data", "IdeconCashFlow.Data\IdeconCashFlow.Data.csproj", "{20602348-F880-4E48-B410-6104B7D6FE8A}"
EndProject
Project("{9A19103F-16F7-4668-BE54-9A1E7A4F7556}") = "IdeconCashFlow.Business", "IdeconCashFlow.Business\IdeconCashFlow.Business.csproj", "{8C907992-C969-4A58-AE48-33B952133D8B}"
EndProject
Project("{FAE04EC0-301F-11D3-BF4B-00C04F79EFBC}") = "IdeconCashFlow.Helper", "IdeconCashFlow.Helper\IdeconCashFlow.Helper.csproj", "{1712DE05-EA3D-42D4-8B7D-8C24261D4B83}"
EndProject
Project("{FAE04EC0-301F-11D3-BF4B-00C04F79EFBC}") = "IdeconCashFlow.Api", "IdeconCashFlow.Api\IdeconCashFlow.Api.csproj", "{35E71166-5A5F-4487-9C33-33EE607B1499}"
EndProject
Global
	GlobalSection(SolutionConfigurationPlatforms) = preSolution
		Debug|Any CPU = Debug|Any CPU
		Release|Any CPU = Release|Any CPU
	EndGlobalSection
	GlobalSection(ProjectConfigurationPlatforms) = postSolution
		{20602348-F880-4E48-B410-6104B7D6FE8A}.Debug|Any CPU.ActiveCfg = Debug|Any CPU
		{20602348-F880-4E48-B410-6104B7D6FE8A}.Debug|Any CPU.Build.0 = Debug|Any CPU
		{20602348-F880-4E48-B410-6104B7D6FE8A}.Release|Any CPU.ActiveCfg = Release|Any CPU
		{20602348-F880-4E48-B410-6104B7D6FE8A}.Release|Any CPU.Build.0 = Release|Any CPU
		{8C907992-C969-4A58-AE48-33B952133D8B}.Debug|Any CPU.ActiveCfg = Debug|Any CPU
		{8C907992-C969-4A58-AE48-33B952133D8B}.Debug|Any CPU.Build.0 = Debug|Any CPU
		{8C907992-C969-4A58-AE48-33B952133D8B}.Release|Any CPU.ActiveCfg = Release|Any CPU
		{8C907992-C969-4A58-AE48-33B952133D8B}.Release|Any CPU.Build.0 = Release|Any CPU
		{1712DE05-EA3D-42D4-8B7D-8C24261D4B83}.Debug|Any CPU.ActiveCfg = Debug|Any CPU
		{1712DE05-EA3D-42D4-8B7D-8C24261D4B83}.Debug|Any CPU.Build.0 = Debug|Any CPU
		{1712DE05-EA3D-42D4-8B7D-8C24261D4B83}.Release|Any CPU.ActiveCfg = Release|Any CPU
		{1712DE05-EA3D-42D4-8B7D-8C24261D4B83}.Release|Any CPU.Build.0 = Release|Any CPU
		{35E71166-5A5F-4487-9C33-33EE607B1499}.Debug|Any CPU.ActiveCfg = Debug|Any CPU
		{35E71166-5A5F-4487-9C33-33EE607B1499}.Debug|Any CPU.Build.0 = Debug|Any CPU
		{35E71166-5A5F-4487-9C33-33EE607B1499}.Release|Any CPU.ActiveCfg = Release|Any CPU
		{35E71166-5A5F-4487-9C33-33EE607B1499}.Release|Any CPU.Build.0 = Release|Any CPU
	EndGlobalSection
	GlobalSection(SolutionProperties) = preSolution
		HideSolutionNode = FALSE
	EndGlobalSection
	GlobalSection(ExtensibilityGlobals) = postSolution
		SolutionGuid = {5BC2C815-5F08-489D-940F-BFAEA4630FBA}
	EndGlobalSection
EndGlobal
